
Microsoft Visual Studio Solution File, Format Version 12.00
# Visual Studio Version 16
VisualStudioVersion = 16.0.31025.194
MinimumVisualStudioVersion = 10.0.40219.1
Project("{FAE04EC0-301F-11D3-BF4B-00C04F79EFBC}") = "EmailSendExample", "EmailSendExample\EmailSendExample.csproj", "{53430401-714F-479D-9624-AD12ED42082F}"
EndProject
Global
	GlobalSection(SolutionConfigurationPlatforms) = preSolution
		Debug|Any CPU = Debug|Any CPU
		Release|Any CPU = Release|Any CPU
	EndGlobalSection
	GlobalSection(ProjectConfigurationPlatforms) = postSolution
		{53430401-714F-479D-9624-AD12ED42082F}.Debug|Any CPU.ActiveCfg = Debug|Any CPU
		{53430401-714F-479D-9624-AD12ED42082F}.Debug|Any CPU.Build.0 = Debug|Any CPU
		{53430401-714F-479D-9624-AD12ED42082F}.Release|Any CPU.ActiveCfg = Release|Any CPU
		{53430401-714F-479D-9624-AD12ED42082F}.Release|Any CPU.Build.0 = Release|Any CPU
	EndGlobalSection
	GlobalSection(SolutionProperties) = preSolution
		HideSolutionNode = FALSE
	EndGlobalSection
	GlobalSection(ExtensibilityGlobals) = postSolution
		SolutionGuid = {768183E0-1EA7-4D42-8677-19887BCD7AB8}
	EndGlobalSection
EndGlobal
